
Microsoft Visual Studio Solution File, Format Version 12.00
# Visual Studio Version 16
VisualStudioVersion = 16.0.30621.155
MinimumVisualStudioVersion = 10.0.40219.1
Project("{FAE04EC0-301F-11D3-BF4B-00C04F79EFBC}") = "SeptemberExam", "SeptemberExam\SeptemberExam.csproj", "{C05E0E6A-3C3D-4DF6-A0E4-10381036D447}"
EndProject
Project("{FAE04EC0-301F-11D3-BF4B-00C04F79EFBC}") = "TestProject1", "TestProject1\TestProject1.csproj", "{1C68C0AB-4EEF-4850-803D-92840B63EB0A}"
EndProject
Project("{FAE04EC0-301F-11D3-BF4B-00C04F79EFBC}") = "DataManagment", "DataManagment\DataManagment.csproj", "{6CEC7231-519F-43DA-9148-CEA676B01B29}"
EndProject
Project("{FAE04EC0-301F-11D3-BF4B-00C04F79EFBC}") = "DataManagement1", "DataManagement1\DataManagement1.csproj", "{7A5464BE-9FD2-4783-A92B-47AAEDC0C258}"
EndProject
Global
	GlobalSection(SolutionConfigurationPlatforms) = preSolution
		Debug|Any CPU = Debug|Any CPU
		Release|Any CPU = Release|Any CPU
	EndGlobalSection
	GlobalSection(ProjectConfigurationPlatforms) = postSolution
		{C05E0E6A-3C3D-4DF6-A0E4-10381036D447}.Debug|Any CPU.ActiveCfg = Debug|Any CPU
		{C05E0E6A-3C3D-4DF6-A0E4-10381036D447}.Debug|Any CPU.Build.0 = Debug|Any CPU
		{C05E0E6A-3C3D-4DF6-A0E4-10381036D447}.Release|Any CPU.ActiveCfg = Release|Any CPU
		{C05E0E6A-3C3D-4DF6-A0E4-10381036D447}.Release|Any CPU.Build.0 = Release|Any CPU
		{1C68C0AB-4EEF-4850-803D-92840B63EB0A}.Debug|Any CPU.ActiveCfg = Debug|Any CPU
		{1C68C0AB-4EEF-4850-803D-92840B63EB0A}.Debug|Any CPU.Build.0 = Debug|Any CPU
		{1C68C0AB-4EEF-4850-803D-92840B63EB0A}.Release|Any CPU.ActiveCfg = Release|Any CPU
		{1C68C0AB-4EEF-4850-803D-92840B63EB0A}.Release|Any CPU.Build.0 = Release|Any CPU
		{6CEC7231-519F-43DA-9148-CEA676B01B29}.Debug|Any CPU.ActiveCfg = Debug|Any CPU
		{6CEC7231-519F-43DA-9148-CEA676B01B29}.Debug|Any CPU.Build.0 = Debug|Any CPU
		{6CEC7231-519F-43DA-9148-CEA676B01B29}.Release|Any CPU.ActiveCfg = Release|Any CPU
		{6CEC7231-519F-43DA-9148-CEA676B01B29}.Release|Any CPU.Build.0 = Release|Any CPU
		{7A5464BE-9FD2-4783-A92B-47AAEDC0C258}.Debug|Any CPU.ActiveCfg = Debug|Any CPU
		{7A5464BE-9FD2-4783-A92B-47AAEDC0C258}.Debug|Any CPU.Build.0 = Debug|Any CPU
		{7A5464BE-9FD2-4783-A92B-47AAEDC0C258}.Release|Any CPU.ActiveCfg = Release|Any CPU
		{7A5464BE-9FD2-4783-A92B-47AAEDC0C258}.Release|Any CPU.Build.0 = Release|Any CPU
	EndGlobalSection
	GlobalSection(SolutionProperties) = preSolution
		HideSolutionNode = FALSE
	EndGlobalSection
	GlobalSection(ExtensibilityGlobals) = postSolution
		SolutionGuid = {53E55DC2-D5B9-4457-8634-1B66A1D0FDBA}
	EndGlobalSection
EndGlobal
